// !$*UTF8*$!
{
	archiveVersion = 1;
	classes = {
	};
	objectVersion = 55;
	objects = {

/* Begin PBXBuildFile section */
		36938C0D281B95B400F4527C /* SpyPuzzleApp.swift in Sources */ = {isa = PBXBuildFile; fileRef = 36938C0C281B95B400F4527C /* SpyPuzzleApp.swift */; };
		36938C11281B95B400F4527C /* Assets.xcassets in Resources */ = {isa = PBXBuildFile; fileRef = 36938C10281B95B400F4527C /* Assets.xcassets */; };
		36938C14281B95B400F4527C /* Preview Assets.xcassets in Resources */ = {isa = PBXBuildFile; fileRef = 36938C13281B95B400F4527C /* Preview Assets.xcassets */; };
		36938C1E281B97D000F4527C /* Levels.swift in Sources */ = {isa = PBXBuildFile; fileRef = 36938C1D281B97D000F4527C /* Levels.swift */; };
		36938C20281B97ED00F4527C /* Model.swift in Sources */ = {isa = PBXBuildFile; fileRef = 36938C1F281B97ED00F4527C /* Model.swift */; };
		36938C2F281B980200F4527C /* GameStateView.swift in Sources */ = {isa = PBXBuildFile; fileRef = 36938C28281B980200F4527C /* GameStateView.swift */; };
		36938C30281B980200F4527C /* ContentView.swift in Sources */ = {isa = PBXBuildFile; fileRef = 36938C2B281B980200F4527C /* ContentView.swift */; };
		36938C31281B980200F4527C /* MoveView.swift in Sources */ = {isa = PBXBuildFile; fileRef = 36938C29281B980200F4527C /* MoveView.swift */; };
		36938C32281B980200F4527C /* ActionsView.swift in Sources */ = {isa = PBXBuildFile; fileRef = 36938C2A281B980200F4527C /* ActionsView.swift */; };
		36938C33281B980200F4527C /* AsyncButton.swift in Sources */ = {isa = PBXBuildFile; fileRef = 36938C23281B980200F4527C /* AsyncButton.swift */; };
		36938C34281B980200F4527C /* NodesView.swift in Sources */ = {isa = PBXBuildFile; fileRef = 36938C26281B980200F4527C /* NodesView.swift */; };
		36938C35281B980200F4527C /* PieceView.swift in Sources */ = {isa = PBXBuildFile; fileRef = 36938C2D281B980200F4527C /* PieceView.swift */; };
		36938C36281B980200F4527C /* SolutionView.swift in Sources */ = {isa = PBXBuildFile; fileRef = 36938C25281B980200F4527C /* SolutionView.swift */; };
		36938C37281B980200F4527C /* MapView.swift in Sources */ = {isa = PBXBuildFile; fileRef = 36938C2E281B980200F4527C /* MapView.swift */; };
		36938C38281B980200F4527C /* ViewHelpers.swift in Sources */ = {isa = PBXBuildFile; fileRef = 36938C24281B980200F4527C /* ViewHelpers.swift */; };
		36938C39281B980200F4527C /* PiecesView.swift in Sources */ = {isa = PBXBuildFile; fileRef = 36938C27281B980200F4527C /* PiecesView.swift */; };
		36938C3A281B980200F4527C /* NodeView.swift in Sources */ = {isa = PBXBuildFile; fileRef = 36938C2C281B980200F4527C /* NodeView.swift */; };
		36938C3D281B98DB00F4527C /* SpyPuzzleGameState in Frameworks */ = {isa = PBXBuildFile; productRef = 36938C3C281B98DB00F4527C /* SpyPuzzleGameState */; };
		36938C40281B98EB00F4527C /* SpyPuzzleSolver in Frameworks */ = {isa = PBXBuildFile; productRef = 36938C3F281B98EB00F4527C /* SpyPuzzleSolver */; };
/* End PBXBuildFile section */

/* Begin PBXFileReference section */
		36938C09281B95B400F4527C /* SpyPuzzleApp.app */ = {isa = PBXFileReference; explicitFileType = wrapper.application; includeInIndex = 0; path = SpyPuzzleApp.app; sourceTree = BUILT_PRODUCTS_DIR; };
		36938C0C281B95B400F4527C /* SpyPuzzleApp.swift */ = {isa = PBXFileReference; lastKnownFileType = sourcecode.swift; path = SpyPuzzleApp.swift; sourceTree = "<group>"; };
		36938C10281B95B400F4527C /* Assets.xcassets */ = {isa = PBXFileReference; lastKnownFileType = folder.assetcatalog; path = Assets.xcassets; sourceTree = "<group>"; };
		36938C13281B95B400F4527C /* Preview Assets.xcassets */ = {isa = PBXFileReference; lastKnownFileType = folder.assetcatalog; path = "Preview Assets.xcassets"; sourceTree = "<group>"; };
		36938C1D281B97D000F4527C /* Levels.swift */ = {isa = PBXFileReference; fileEncoding = 4; lastKnownFileType = sourcecode.swift; path = Levels.swift; sourceTree = "<group>"; };
		36938C1F281B97ED00F4527C /* Model.swift */ = {isa = PBXFileReference; fileEncoding = 4; lastKnownFileType = sourcecode.swift; path = Model.swift; sourceTree = "<group>"; };
		36938C23281B980200F4527C /* AsyncButton.swift */ = {isa = PBXFileReference; lastKnownFileType = sourcecode.swift; path = AsyncButton.swift; sourceTree = "<group>"; };
		36938C24281B980200F4527C /* ViewHelpers.swift */ = {isa = PBXFileReference; lastKnownFileType = sourcecode.swift; path = ViewHelpers.swift; sourceTree = "<group>"; };
		36938C25281B980200F4527C /* SolutionView.swift */ = {isa = PBXFileReference; lastKnownFileType = sourcecode.swift; path = SolutionView.swift; sourceTree = "<group>"; };
		36938C26281B980200F4527C /* NodesView.swift */ = {isa = PBXFileReference; lastKnownFileType = sourcecode.swift; path = NodesView.swift; sourceTree = "<group>"; };
		36938C27281B980200F4527C /* PiecesView.swift */ = {isa = PBXFileReference; lastKnownFileType = sourcecode.swift; path = PiecesView.swift; sourceTree = "<group>"; };
		36938C28281B980200F4527C /* GameStateView.swift */ = {isa = PBXFileReference; lastKnownFileType = sourcecode.swift; path = GameStateView.swift; sourceTree = "<group>"; };
		36938C29281B980200F4527C /* MoveView.swift */ = {isa = PBXFileReference; lastKnownFileType = sourcecode.swift; path = MoveView.swift; sourceTree = "<group>"; };
		36938C2A281B980200F4527C /* ActionsView.swift */ = {isa = PBXFileReference; lastKnownFileType = sourcecode.swift; path = ActionsView.swift; sourceTree = "<group>"; };
		36938C2B281B980200F4527C /* ContentView.swift */ = {isa = PBXFileReference; lastKnownFileType = sourcecode.swift; path = ContentView.swift; sourceTree = "<group>"; };
		36938C2C281B980200F4527C /* NodeView.swift */ = {isa = PBXFileReference; lastKnownFileType = sourcecode.swift; path = NodeView.swift; sourceTree = "<group>"; };
		36938C2D281B980200F4527C /* PieceView.swift */ = {isa = PBXFileReference; lastKnownFileType = sourcecode.swift; path = PieceView.swift; sourceTree = "<group>"; };
		36938C2E281B980200F4527C /* MapView.swift */ = {isa = PBXFileReference; lastKnownFileType = sourcecode.swift; path = MapView.swift; sourceTree = "<group>"; };
/* End PBXFileReference section */

/* Begin PBXFrameworksBuildPhase section */
		36938C06281B95B400F4527C /* Frameworks */ = {
			isa = PBXFrameworksBuildPhase;
			buildActionMask = 2147483647;
			files = (
				36938C40281B98EB00F4527C /* SpyPuzzleSolver in Frameworks */,
				36938C3D281B98DB00F4527C /* SpyPuzzleGameState in Frameworks */,
			);
			runOnlyForDeploymentPostprocessing = 0;
		};
/* End PBXFrameworksBuildPhase section */

/* Begin PBXGroup section */
		36938C00281B95B400F4527C = {
			isa = PBXGroup;
			children = (
				36938C0B281B95B400F4527C /* SpyPuzzleApp */,
				36938C0A281B95B400F4527C /* Products */,
			);
			sourceTree = "<group>";
		};
		36938C0A281B95B400F4527C /* Products */ = {
			isa = PBXGroup;
			children = (
				36938C09281B95B400F4527C /* SpyPuzzleApp.app */,
			);
			name = Products;
			sourceTree = "<group>";
		};
		36938C0B281B95B400F4527C /* SpyPuzzleApp */ = {
			isa = PBXGroup;
			children = (
				36938C10281B95B400F4527C /* Assets.xcassets */,
				36938C1A281B96EE00F4527C /* Levels */,
				36938C1B281B96FC00F4527C /* Model */,
				36938C12281B95B400F4527C /* Preview Content */,
				36938C0C281B95B400F4527C /* SpyPuzzleApp.swift */,
				36938C1C281B971200F4527C /* Views */,
			);
			path = SpyPuzzleApp;
			sourceTree = "<group>";
		};
		36938C12281B95B400F4527C /* Preview Content */ = {
			isa = PBXGroup;
			children = (
				36938C13281B95B400F4527C /* Preview Assets.xcassets */,
			);
			path = "Preview Content";
			sourceTree = "<group>";
		};
		36938C1A281B96EE00F4527C /* Levels */ = {
			isa = PBXGroup;
			children = (
				36938C1D281B97D000F4527C /* Levels.swift */,
			);
			path = Levels;
			sourceTree = "<group>";
		};
		36938C1B281B96FC00F4527C /* Model */ = {
			isa = PBXGroup;
			children = (
				36938C1F281B97ED00F4527C /* Model.swift */,
			);
			path = Model;
			sourceTree = "<group>";
		};
		36938C1C281B971200F4527C /* Views */ = {
			isa = PBXGroup;
			children = (
				36938C2A281B980200F4527C /* ActionsView.swift */,
				36938C23281B980200F4527C /* AsyncButton.swift */,
				36938C2B281B980200F4527C /* ContentView.swift */,
				36938C28281B980200F4527C /* GameStateView.swift */,
				36938C2E281B980200F4527C /* MapView.swift */,
				36938C29281B980200F4527C /* MoveView.swift */,
				36938C26281B980200F4527C /* NodesView.swift */,
				36938C2C281B980200F4527C /* NodeView.swift */,
				36938C27281B980200F4527C /* PiecesView.swift */,
				36938C2D281B980200F4527C /* PieceView.swift */,
				36938C25281B980200F4527C /* SolutionView.swift */,
				36938C24281B980200F4527C /* ViewHelpers.swift */,
			);
			path = Views;
			sourceTree = "<group>";
		};
/* End PBXGroup section */

/* Begin PBXNativeTarget section */
		36938C08281B95B400F4527C /* SpyPuzzleApp */ = {
			isa = PBXNativeTarget;
			buildConfigurationList = 36938C17281B95B400F4527C /* Build configuration list for PBXNativeTarget "SpyPuzzleApp" */;
			buildPhases = (
				36938C05281B95B400F4527C /* Sources */,
				36938C06281B95B400F4527C /* Frameworks */,
				36938C07281B95B400F4527C /* Resources */,
			);
			buildRules = (
			);
			dependencies = (
			);
			name = SpyPuzzleApp;
			packageProductDependencies = (
				36938C3C281B98DB00F4527C /* SpyPuzzleGameState */,
				36938C3F281B98EB00F4527C /* SpyPuzzleSolver */,
			);
			productName = SpyPuzzleApp;
			productReference = 36938C09281B95B400F4527C /* SpyPuzzleApp.app */;
			productType = "com.apple.product-type.application";
		};
/* End PBXNativeTarget section */

/* Begin PBXProject section */
		36938C01281B95B400F4527C /* Project object */ = {
			isa = PBXProject;
			attributes = {
				BuildIndependentTargetsInParallel = 1;
				LastSwiftUpdateCheck = 1330;
				LastUpgradeCheck = 1330;
				TargetAttributes = {
					36938C08281B95B400F4527C = {
						CreatedOnToolsVersion = 13.3.1;
					};
				};
			};
			buildConfigurationList = 36938C04281B95B400F4527C /* Build configuration list for PBXProject "SpyPuzzleApp" */;
			compatibilityVersion = "Xcode 13.0";
			developmentRegion = en;
			hasScannedForEncodings = 0;
			knownRegions = (
				en,
				Base,
			);
			mainGroup = 36938C00281B95B400F4527C;
			packageReferences = (
				36938C3B281B98DB00F4527C /* XCRemoteSwiftPackageReference "SpyPuzzleGameState" */,
				36938C3E281B98EB00F4527C /* XCRemoteSwiftPackageReference "SpyPuzzleSolver" */,
			);
			productRefGroup = 36938C0A281B95B400F4527C /* Products */;
			projectDirPath = "";
			projectRoot = "";
			targets = (
				36938C08281B95B400F4527C /* SpyPuzzleApp */,
			);
		};
/* End PBXProject section */

/* Begin PBXResourcesBuildPhase section */
		36938C07281B95B400F4527C /* Resources */ = {
			isa = PBXResourcesBuildPhase;
			buildActionMask = 2147483647;
			files = (
				36938C14281B95B400F4527C /* Preview Assets.xcassets in Resources */,
				36938C11281B95B400F4527C /* Assets.xcassets in Resources */,
			);
			runOnlyForDeploymentPostprocessing = 0;
		};
/* End PBXResourcesBuildPhase section */

/* Begin PBXSourcesBuildPhase section */
		36938C05281B95B400F4527C /* Sources */ = {
			isa = PBXSourcesBuildPhase;
			buildActionMask = 2147483647;
			files = (
				36938C39281B980200F4527C /* PiecesView.swift in Sources */,
				36938C32281B980200F4527C /* ActionsView.swift in Sources */,
				36938C36281B980200F4527C /* SolutionView.swift in Sources */,
				36938C1E281B97D000F4527C /* Levels.swift in Sources */,
				36938C37281B980200F4527C /* MapView.swift in Sources */,
				36938C30281B980200F4527C /* ContentView.swift in Sources */,
				36938C38281B980200F4527C /* ViewHelpers.swift in Sources */,
				36938C34281B980200F4527C /* NodesView.swift in Sources */,
				36938C35281B980200F4527C /* PieceView.swift in Sources */,
				36938C3A281B980200F4527C /* NodeView.swift in Sources */,
				36938C31281B980200F4527C /* MoveView.swift in Sources */,
				36938C33281B980200F4527C /* AsyncButton.swift in Sources */,
				36938C2F281B980200F4527C /* GameStateView.swift in Sources */,
				36938C0D281B95B400F4527C /* SpyPuzzleApp.swift in Sources */,
				36938C20281B97ED00F4527C /* Model.swift in Sources */,
			);
			runOnlyForDeploymentPostprocessing = 0;
		};
/* End PBXSourcesBuildPhase section */

/* Begin XCBuildConfiguration section */
		36938C15281B95B400F4527C /* Debug */ = {
			isa = XCBuildConfiguration;
			buildSettings = {
				ALWAYS_SEARCH_USER_PATHS = NO;
				CLANG_ANALYZER_NONNULL = YES;
				CLANG_ANALYZER_NUMBER_OBJECT_CONVERSION = YES_AGGRESSIVE;
				CLANG_CXX_LANGUAGE_STANDARD = "gnu++17";
				CLANG_ENABLE_MODULES = YES;
				CLANG_ENABLE_OBJC_ARC = YES;
				CLANG_ENABLE_OBJC_WEAK = YES;
				CLANG_WARN_BLOCK_CAPTURE_AUTORELEASING = YES;
				CLANG_WARN_BOOL_CONVERSION = YES;
				CLANG_WARN_COMMA = YES;
				CLANG_WARN_CONSTANT_CONVERSION = YES;
				CLANG_WARN_DEPRECATED_OBJC_IMPLEMENTATIONS = YES;
				CLANG_WARN_DIRECT_OBJC_ISA_USAGE = YES_ERROR;
				CLANG_WARN_DOCUMENTATION_COMMENTS = YES;
				CLANG_WARN_EMPTY_BODY = YES;
				CLANG_WARN_ENUM_CONVERSION = YES;
				CLANG_WARN_INFINITE_RECURSION = YES;
				CLANG_WARN_INT_CONVERSION = YES;
				CLANG_WARN_NON_LITERAL_NULL_CONVERSION = YES;
				CLANG_WARN_OBJC_IMPLICIT_RETAIN_SELF = YES;
				CLANG_WARN_OBJC_LITERAL_CONVERSION = YES;
				CLANG_WARN_OBJC_ROOT_CLASS = YES_ERROR;
				CLANG_WARN_QUOTED_INCLUDE_IN_FRAMEWORK_HEADER = YES;
				CLANG_WARN_RANGE_LOOP_ANALYSIS = YES;
				CLANG_WARN_STRICT_PROTOTYPES = YES;
				CLANG_WARN_SUSPICIOUS_MOVE = YES;
				CLANG_WARN_UNGUARDED_AVAILABILITY = YES_AGGRESSIVE;
				CLANG_WARN_UNREACHABLE_CODE = YES;
				CLANG_WARN__DUPLICATE_METHOD_MATCH = YES;
				COPY_PHASE_STRIP = NO;
				DEBUG_INFORMATION_FORMAT = dwarf;
				ENABLE_STRICT_OBJC_MSGSEND = YES;
				ENABLE_TESTABILITY = YES;
				GCC_C_LANGUAGE_STANDARD = gnu11;
				GCC_DYNAMIC_NO_PIC = NO;
				GCC_NO_COMMON_BLOCKS = YES;
				GCC_OPTIMIZATION_LEVEL = 0;
				GCC_PREPROCESSOR_DEFINITIONS = (
					"DEBUG=1",
					"$(inherited)",
				);
				GCC_WARN_64_TO_32_BIT_CONVERSION = YES;
				GCC_WARN_ABOUT_RETURN_TYPE = YES_ERROR;
				GCC_WARN_UNDECLARED_SELECTOR = YES;
				GCC_WARN_UNINITIALIZED_AUTOS = YES_AGGRESSIVE;
				GCC_WARN_UNUSED_FUNCTION = YES;
				GCC_WARN_UNUSED_VARIABLE = YES;
				IPHONEOS_DEPLOYMENT_TARGET = 15.4;
				MTL_ENABLE_DEBUG_INFO = INCLUDE_SOURCE;
				MTL_FAST_MATH = YES;
				ONLY_ACTIVE_ARCH = YES;
				SDKROOT = iphoneos;
				SWIFT_ACTIVE_COMPILATION_CONDITIONS = DEBUG;
				SWIFT_OPTIMIZATION_LEVEL = "-Onone";
			};
			name = Debug;
		};
		36938C16281B95B400F4527C /* Release */ = {
			isa = XCBuildConfiguration;
			buildSettings = {
				ALWAYS_SEARCH_USER_PATHS = NO;
				CLANG_ANALYZER_NONNULL = YES;
				CLANG_ANALYZER_NUMBER_OBJECT_CONVERSION = YES_AGGRESSIVE;
				CLANG_CXX_LANGUAGE_STANDARD = "gnu++17";
				CLANG_ENABLE_MODULES = YES;
				CLANG_ENABLE_OBJC_ARC = YES;
				CLANG_ENABLE_OBJC_WEAK = YES;
				CLANG_WARN_BLOCK_CAPTURE_AUTORELEASING = YES;
				CLANG_WARN_BOOL_CONVERSION = YES;
				CLANG_WARN_COMMA = YES;
				CLANG_WARN_CONSTANT_CONVERSION = YES;
				CLANG_WARN_DEPRECATED_OBJC_IMPLEMENTATIONS = YES;
				CLANG_WARN_DIRECT_OBJC_ISA_USAGE = YES_ERROR;
				CLANG_WARN_DOCUMENTATION_COMMENTS = YES;
				CLANG_WARN_EMPTY_BODY = YES;
				CLANG_WARN_ENUM_CONVERSION = YES;
				CLANG_WARN_INFINITE_RECURSION = YES;
				CLANG_WARN_INT_CONVERSION = YES;
				CLANG_WARN_NON_LITERAL_NULL_CONVERSION = YES;
				CLANG_WARN_OBJC_IMPLICIT_RETAIN_SELF = YES;
				CLANG_WARN_OBJC_LITERAL_CONVERSION = YES;
				CLANG_WARN_OBJC_ROOT_CLASS = YES_ERROR;
				CLANG_WARN_QUOTED_INCLUDE_IN_FRAMEWORK_HEADER = YES;
				CLANG_WARN_RANGE_LOOP_ANALYSIS = YES;
				CLANG_WARN_STRICT_PROTOTYPES = YES;
				CLANG_WARN_SUSPICIOUS_MOVE = YES;
				CLANG_WARN_UNGUARDED_AVAILABILITY = YES_AGGRESSIVE;
				CLANG_WARN_UNREACHABLE_CODE = YES;
				CLANG_WARN__DUPLICATE_METHOD_MATCH = YES;
				COPY_PHASE_STRIP = NO;
				DEBUG_INFORMATION_FORMAT = "dwarf-with-dsym";
				ENABLE_NS_ASSERTIONS = NO;
				ENABLE_STRICT_OBJC_MSGSEND = YES;
				GCC_C_LANGUAGE_STANDARD = gnu11;
				GCC_NO_COMMON_BLOCKS = YES;
				GCC_WARN_64_TO_32_BIT_CONVERSION = YES;
				GCC_WARN_ABOUT_RETURN_TYPE = YES_ERROR;
				GCC_WARN_UNDECLARED_SELECTOR = YES;
				GCC_WARN_UNINITIALIZED_AUTOS = YES_AGGRESSIVE;
				GCC_WARN_UNUSED_FUNCTION = YES;
				GCC_WARN_UNUSED_VARIABLE = YES;
				IPHONEOS_DEPLOYMENT_TARGET = 15.4;
				MTL_ENABLE_DEBUG_INFO = NO;
				MTL_FAST_MATH = YES;
				SDKROOT = iphoneos;
				SWIFT_COMPILATION_MODE = wholemodule;
				SWIFT_OPTIMIZATION_LEVEL = "-O";
				VALIDATE_PRODUCT = YES;
			};
			name = Release;
		};
		36938C18281B95B400F4527C /* Debug */ = {
			isa = XCBuildConfiguration;
			buildSettings = {
				ASSETCATALOG_COMPILER_APPICON_NAME = AppIcon;
				ASSETCATALOG_COMPILER_GLOBAL_ACCENT_COLOR_NAME = AccentColor;
				CODE_SIGN_STYLE = Automatic;
				CURRENT_PROJECT_VERSION = 1;
				DEVELOPMENT_ASSET_PATHS = "\"SpyPuzzleApp/Preview Content\"";
				DEVELOPMENT_TEAM = 9485HHLYPW;
				ENABLE_PREVIEWS = YES;
				GENERATE_INFOPLIST_FILE = YES;
				INFOPLIST_KEY_UIApplicationSceneManifest_Generation = YES;
				INFOPLIST_KEY_UIApplicationSupportsIndirectInputEvents = YES;
				INFOPLIST_KEY_UILaunchScreen_Generation = YES;
				INFOPLIST_KEY_UISupportedInterfaceOrientations_iPad = "UIInterfaceOrientationPortrait UIInterfaceOrientationPortraitUpsideDown UIInterfaceOrientationLandscapeLeft UIInterfaceOrientationLandscapeRight";
				INFOPLIST_KEY_UISupportedInterfaceOrientations_iPhone = "UIInterfaceOrientationPortrait UIInterfaceOrientationLandscapeLeft UIInterfaceOrientationLandscapeRight";
				LD_RUNPATH_SEARCH_PATHS = (
					"$(inherited)",
					"@executable_path/Frameworks",
				);
				MARKETING_VERSION = 1.0;
				PRODUCT_BUNDLE_IDENTIFIER = com.palevichchenindustries.SpyPuzzleApp;
				PRODUCT_NAME = "$(TARGET_NAME)";
				SWIFT_EMIT_LOC_STRINGS = YES;
				SWIFT_VERSION = 5.0;
				TARGETED_DEVICE_FAMILY = "1,2";
			};
			name = Debug;
		};
		36938C19281B95B400F4527C /* Release */ = {
			isa = XCBuildConfiguration;
			buildSettings = {
				ASSETCATALOG_COMPILER_APPICON_NAME = AppIcon;
				ASSETCATALOG_COMPILER_GLOBAL_ACCENT_COLOR_NAME = AccentColor;
				CODE_SIGN_STYLE = Automatic;
				CURRENT_PROJECT_VERSION = 1;
				DEVELOPMENT_ASSET_PATHS = "\"SpyPuzzleApp/Preview Content\"";
				DEVELOPMENT_TEAM = 9485HHLYPW;
				ENABLE_PREVIEWS = YES;
				GENERATE_INFOPLIST_FILE = YES;
				INFOPLIST_KEY_UIApplicationSceneManifest_Generation = YES;
				INFOPLIST_KEY_UIApplicationSupportsIndirectInputEvents = YES;
				INFOPLIST_KEY_UILaunchScreen_Generation = YES;
				INFOPLIST_KEY_UISupportedInterfaceOrientations_iPad = "UIInterfaceOrientationPortrait UIInterfaceOrientationPortraitUpsideDown UIInterfaceOrientationLandscapeLeft UIInterfaceOrientationLandscapeRight";
				INFOPLIST_KEY_UISupportedInterfaceOrientations_iPhone = "UIInterfaceOrientationPortrait UIInterfaceOrientationLandscapeLeft UIInterfaceOrientationLandscapeRight";
				LD_RUNPATH_SEARCH_PATHS = (
					"$(inherited)",
					"@executable_path/Frameworks",
				);
				MARKETING_VERSION = 1.0;
				PRODUCT_BUNDLE_IDENTIFIER = com.palevichchenindustries.SpyPuzzleApp;
				PRODUCT_NAME = "$(TARGET_NAME)";
				SWIFT_EMIT_LOC_STRINGS = YES;
				SWIFT_VERSION = 5.0;
				TARGETED_DEVICE_FAMILY = "1,2";
			};
			name = Release;
		};
/* End XCBuildConfiguration section */

/* Begin XCConfigurationList section */
		36938C04281B95B400F4527C /* Build configuration list for PBXProject "SpyPuzzleApp" */ = {
			isa = XCConfigurationList;
			buildConfigurations = (
				36938C15281B95B400F4527C /* Debug */,
				36938C16281B95B400F4527C /* Release */,
			);
			defaultConfigurationIsVisible = 0;
			defaultConfigurationName = Release;
		};
		36938C17281B95B400F4527C /* Build configuration list for PBXNativeTarget "SpyPuzzleApp" */ = {
			isa = XCConfigurationList;
			buildConfigurations = (
				36938C18281B95B400F4527C /* Debug */,
				36938C19281B95B400F4527C /* Release */,
			);
			defaultConfigurationIsVisible = 0;
			defaultConfigurationName = Release;
		};
/* End XCConfigurationList section */

/* Begin XCRemoteSwiftPackageReference section */
		36938C3B281B98DB00F4527C /* XCRemoteSwiftPackageReference "SpyPuzzleGameState" */ = {
			isa = XCRemoteSwiftPackageReference;
			repositoryURL = "https://github.com/jackpal/SpyPuzzleGameState";
			requirement = {
				kind = upToNextMajorVersion;
				minimumVersion = 0.1.0;
			};
		};
		36938C3E281B98EB00F4527C /* XCRemoteSwiftPackageReference "SpyPuzzleSolver" */ = {
			isa = XCRemoteSwiftPackageReference;
			repositoryURL = "https://github.com/jackpal/SpyPuzzleSolver.git";
			requirement = {
				branch = main;
				kind = branch;
			};
		};
/* End XCRemoteSwiftPackageReference section */

/* Begin XCSwiftPackageProductDependency section */
		36938C3C281B98DB00F4527C /* SpyPuzzleGameState */ = {
			isa = XCSwiftPackageProductDependency;
			package = 36938C3B281B98DB00F4527C /* XCRemoteSwiftPackageReference "SpyPuzzleGameState" */;
			productName = SpyPuzzleGameState;
		};
		36938C3F281B98EB00F4527C /* SpyPuzzleSolver */ = {
			isa = XCSwiftPackageProductDependency;
			package = 36938C3E281B98EB00F4527C /* XCRemoteSwiftPackageReference "SpyPuzzleSolver" */;
			productName = SpyPuzzleSolver;
		};
/* End XCSwiftPackageProductDependency section */
	};
	rootObject = 36938C01281B95B400F4527C /* Project object */;
}
